
Microsoft Visual Studio Solution File, Format Version 12.00
# Visual Studio 2013
VisualStudioVersion = 12.0.30723.0
MinimumVisualStudioVersion = 10.0.40219.1
Project("{FAE04EC0-301F-11D3-BF4B-00C04F79EFBC}") = "OssAwesomenessTabulator", "OssAwesomenessTabulator\OssAwesomenessTabulator.csproj", "{3DAF02DF-120D-4E9E-A85A-F281BE0CE43E}"
EndProject
Project("{FAE04EC0-301F-11D3-BF4B-00C04F79EFBC}") = "OssAwesomenessTabulatorTests", "OssAwesomenessTabulatorTests\OssAwesomenessTabulatorTests.csproj", "{3C22C31E-4F6C-42A9-AB91-0FDA422F8D6E}"
EndProject
Global
	GlobalSection(SolutionConfigurationPlatforms) = preSolution
		Debug|Any CPU = Debug|Any CPU
		Release|Any CPU = Release|Any CPU
	EndGlobalSection
	GlobalSection(ProjectConfigurationPlatforms) = postSolution
		{3DAF02DF-120D-4E9E-A85A-F281BE0CE43E}.Debug|Any CPU.ActiveCfg = Debug|Any CPU
		{3DAF02DF-120D-4E9E-A85A-F281BE0CE43E}.Debug|Any CPU.Build.0 = Debug|Any CPU
		{3DAF02DF-120D-4E9E-A85A-F281BE0CE43E}.Release|Any CPU.ActiveCfg = Release|Any CPU
		{3DAF02DF-120D-4E9E-A85A-F281BE0CE43E}.Release|Any CPU.Build.0 = Release|Any CPU
		{3C22C31E-4F6C-42A9-AB91-0FDA422F8D6E}.Debug|Any CPU.ActiveCfg = Debug|Any CPU
		{3C22C31E-4F6C-42A9-AB91-0FDA422F8D6E}.Debug|Any CPU.Build.0 = Debug|Any CPU
		{3C22C31E-4F6C-42A9-AB91-0FDA422F8D6E}.Release|Any CPU.ActiveCfg = Release|Any CPU
		{3C22C31E-4F6C-42A9-AB91-0FDA422F8D6E}.Release|Any CPU.Build.0 = Release|Any CPU
	EndGlobalSection
	GlobalSection(SolutionProperties) = preSolution
		HideSolutionNode = FALSE
	EndGlobalSection
EndGlobal
